
Microsoft Visual Studio Solution File, Format Version 12.00
# Visual Studio Version 17
VisualStudioVersion = 17.10.34928.147
MinimumVisualStudioVersion = 10.0.40219.1
Project("{FAE04EC0-301F-11D3-BF4B-00C04F79EFBC}") = "InstrumentSearch.Server", "InstrumentSearch.Server\InstrumentSearch.Server.csproj", "{2124C632-E5E4-4DC1-87A7-CB7D70F4E0CA}"
EndProject
Project("{54A90642-561A-4BB1-A94E-469ADEE60C69}") = "instrumentsearch.client", "instrumentsearch.client\instrumentsearch.client.esproj", "{4C6B9DFD-42FD-4C45-B7AD-4B9A0D1B4A94}"
EndProject
Global
	GlobalSection(SolutionConfigurationPlatforms) = preSolution
		Debug|Any CPU = Debug|Any CPU
		Release|Any CPU = Release|Any CPU
	EndGlobalSection
	GlobalSection(ProjectConfigurationPlatforms) = postSolution
		{2124C632-E5E4-4DC1-87A7-CB7D70F4E0CA}.Debug|Any CPU.ActiveCfg = Debug|Any CPU
		{2124C632-E5E4-4DC1-87A7-CB7D70F4E0CA}.Debug|Any CPU.Build.0 = Debug|Any CPU
		{2124C632-E5E4-4DC1-87A7-CB7D70F4E0CA}.Release|Any CPU.ActiveCfg = Release|Any CPU
		{2124C632-E5E4-4DC1-87A7-CB7D70F4E0CA}.Release|Any CPU.Build.0 = Release|Any CPU
		{4C6B9DFD-42FD-4C45-B7AD-4B9A0D1B4A94}.Debug|Any CPU.ActiveCfg = Debug|Any CPU
		{4C6B9DFD-42FD-4C45-B7AD-4B9A0D1B4A94}.Debug|Any CPU.Build.0 = Debug|Any CPU
		{4C6B9DFD-42FD-4C45-B7AD-4B9A0D1B4A94}.Debug|Any CPU.Deploy.0 = Debug|Any CPU
		{4C6B9DFD-42FD-4C45-B7AD-4B9A0D1B4A94}.Release|Any CPU.ActiveCfg = Release|Any CPU
		{4C6B9DFD-42FD-4C45-B7AD-4B9A0D1B4A94}.Release|Any CPU.Build.0 = Release|Any CPU
		{4C6B9DFD-42FD-4C45-B7AD-4B9A0D1B4A94}.Release|Any CPU.Deploy.0 = Release|Any CPU
	EndGlobalSection
	GlobalSection(SolutionProperties) = preSolution
		HideSolutionNode = FALSE
	EndGlobalSection
	GlobalSection(ExtensibilityGlobals) = postSolution
		SolutionGuid = {E5DF2D97-EFBC-4154-9BC2-AEC84E0F22D0}
	EndGlobalSection
EndGlobal
